// !$*UTF8*$!
{
	archiveVersion = 1;
	classes = {
	};
	objectVersion = 55;
	objects = {

/* Begin PBXBuildFile section */
		4655602B291E53CF00ACDB2E /* Models.swift in Sources */ = {isa = PBXBuildFile; fileRef = 4655602A291E53CF00ACDB2E /* Models.swift */; };
		46CF1B1528F532510015338D /* AppDelegate.swift in Sources */ = {isa = PBXBuildFile; fileRef = 46CF1B1428F532510015338D /* AppDelegate.swift */; };
		46CF1B1728F532510015338D /* SceneDelegate.swift in Sources */ = {isa = PBXBuildFile; fileRef = 46CF1B1628F532510015338D /* SceneDelegate.swift */; };
		46CF1B1928F532510015338D /* ViewController.swift in Sources */ = {isa = PBXBuildFile; fileRef = 46CF1B1828F532510015338D /* ViewController.swift */; };
		46CF1B1C28F532510015338D /* Main.storyboard in Resources */ = {isa = PBXBuildFile; fileRef = 46CF1B1A28F532510015338D /* Main.storyboard */; };
		46CF1B1E28F532540015338D /* Assets.xcassets in Resources */ = {isa = PBXBuildFile; fileRef = 46CF1B1D28F532540015338D /* Assets.xcassets */; };
		46CF1B2128F532540015338D /* LaunchScreen.storyboard in Resources */ = {isa = PBXBuildFile; fileRef = 46CF1B1F28F532540015338D /* LaunchScreen.storyboard */; };
		46CF68A128F5373F007CAAAA /* secViewController.swift in Sources */ = {isa = PBXBuildFile; fileRef = 46CF68A028F5373F007CAAAA /* secViewController.swift */; };
		46CF68A728F5436A007CAAAA /* firstsectionTableViewCell.swift in Sources */ = {isa = PBXBuildFile; fileRef = 46CF68A628F5436A007CAAAA /* firstsectionTableViewCell.swift */; };
		46CF68A928F5437E007CAAAA /* secondsectionTableViewCell.swift in Sources */ = {isa = PBXBuildFile; fileRef = 46CF68A828F5437E007CAAAA /* secondsectionTableViewCell.swift */; };
		46CF68AB28F54C79007CAAAA /* CoreLocation.framework in Frameworks */ = {isa = PBXBuildFile; fileRef = 46CF68AA28F54C78007CAAAA /* CoreLocation.framework */; };
		DB86060683C8A6A80D26412B /* Pods_weatherAppIos.framework in Frameworks */ = {isa = PBXBuildFile; fileRef = 9125B6ED38331FC6C663B78B /* Pods_weatherAppIos.framework */; };
/* End PBXBuildFile section */

/* Begin PBXFileReference section */
		30D16E4F723FF57838A24E3B /* Pods-weatherAppIos.release.xcconfig */ = {isa = PBXFileReference; includeInIndex = 1; lastKnownFileType = text.xcconfig; name = "Pods-weatherAppIos.release.xcconfig"; path = "Target Support Files/Pods-weatherAppIos/Pods-weatherAppIos.release.xcconfig"; sourceTree = "<group>"; };
		4655602A291E53CF00ACDB2E /* Models.swift */ = {isa = PBXFileReference; lastKnownFileType = sourcecode.swift; path = Models.swift; sourceTree = "<group>"; };
		46CF1B1128F532510015338D /* weatherAppIos.app */ = {isa = PBXFileReference; explicitFileType = wrapper.application; includeInIndex = 0; path = weatherAppIos.app; sourceTree = BUILT_PRODUCTS_DIR; };
		46CF1B1428F532510015338D /* AppDelegate.swift */ = {isa = PBXFileReference; lastKnownFileType = sourcecode.swift; path = AppDelegate.swift; sourceTree = "<group>"; };
		46CF1B1628F532510015338D /* SceneDelegate.swift */ = {isa = PBXFileReference; lastKnownFileType = sourcecode.swift; path = SceneDelegate.swift; sourceTree = "<group>"; };
		46CF1B1828F532510015338D /* ViewController.swift */ = {isa = PBXFileReference; lastKnownFileType = sourcecode.swift; path = ViewController.swift; sourceTree = "<group>"; };
		46CF1B1B28F532510015338D /* Base */ = {isa = PBXFileReference; lastKnownFileType = file.storyboard; name = Base; path = Base.lproj/Main.storyboard; sourceTree = "<group>"; };
		46CF1B1D28F532540015338D /* Assets.xcassets */ = {isa = PBXFileReference; lastKnownFileType = folder.assetcatalog; path = Assets.xcassets; sourceTree = "<group>"; };
		46CF1B2028F532540015338D /* Base */ = {isa = PBXFileReference; lastKnownFileType = file.storyboard; name = Base; path = Base.lproj/LaunchScreen.storyboard; sourceTree = "<group>"; };
		46CF1B2228F532540015338D /* Info.plist */ = {isa = PBXFileReference; lastKnownFileType = text.plist.xml; path = Info.plist; sourceTree = "<group>"; };
		46CF68A028F5373F007CAAAA /* secViewController.swift */ = {isa = PBXFileReference; lastKnownFileType = sourcecode.swift; path = secViewController.swift; sourceTree = "<group>"; };
		46CF68A628F5436A007CAAAA /* firstsectionTableViewCell.swift */ = {isa = PBXFileReference; lastKnownFileType = sourcecode.swift; path = firstsectionTableViewCell.swift; sourceTree = "<group>"; };
		46CF68A828F5437E007CAAAA /* secondsectionTableViewCell.swift */ = {isa = PBXFileReference; lastKnownFileType = sourcecode.swift; path = secondsectionTableViewCell.swift; sourceTree = "<group>"; };
		46CF68AA28F54C78007CAAAA /* CoreLocation.framework */ = {isa = PBXFileReference; lastKnownFileType = wrapper.framework; name = CoreLocation.framework; path = System/Library/Frameworks/CoreLocation.framework; sourceTree = SDKROOT; };
		9125B6ED38331FC6C663B78B /* Pods_weatherAppIos.framework */ = {isa = PBXFileReference; explicitFileType = wrapper.framework; includeInIndex = 0; path = Pods_weatherAppIos.framework; sourceTree = BUILT_PRODUCTS_DIR; };
		92291C2EED3CD9EDBB09FF85 /* Pods-weatherAppIos.debug.xcconfig */ = {isa = PBXFileReference; includeInIndex = 1; lastKnownFileType = text.xcconfig; name = "Pods-weatherAppIos.debug.xcconfig"; path = "Target Support Files/Pods-weatherAppIos/Pods-weatherAppIos.debug.xcconfig"; sourceTree = "<group>"; };
/* End PBXFileReference section */

/* Begin PBXFrameworksBuildPhase section */
		46CF1B0E28F532510015338D /* Frameworks */ = {
			isa = PBXFrameworksBuildPhase;
			buildActionMask = 2147483647;
			files = (
				46CF68AB28F54C79007CAAAA /* CoreLocation.framework in Frameworks */,
				DB86060683C8A6A80D26412B /* Pods_weatherAppIos.framework in Frameworks */,
			);
			runOnlyForDeploymentPostprocessing = 0;
		};
/* End PBXFrameworksBuildPhase section */

/* Begin PBXGroup section */
		46CF1B0828F532510015338D = {
			isa = PBXGroup;
			children = (
				46CF1B1328F532510015338D /* weatherAppIos */,
				46CF1B1228F532510015338D /* Products */,
				7580DB2E91AC516548BC28AB /* Pods */,
				B3AB16FD29E7BC9C5EBF7FA3 /* Frameworks */,
			);
			sourceTree = "<group>";
		};
		46CF1B1228F532510015338D /* Products */ = {
			isa = PBXGroup;
			children = (
				46CF1B1128F532510015338D /* weatherAppIos.app */,
			);
			name = Products;
			sourceTree = "<group>";
		};
		46CF1B1328F532510015338D /* weatherAppIos */ = {
			isa = PBXGroup;
			children = (
				46CF1B1428F532510015338D /* AppDelegate.swift */,
				46CF1B1628F532510015338D /* SceneDelegate.swift */,
				46CF1B1828F532510015338D /* ViewController.swift */,
				46CF68A628F5436A007CAAAA /* firstsectionTableViewCell.swift */,
				46CF68A828F5437E007CAAAA /* secondsectionTableViewCell.swift */,
				46CF68A028F5373F007CAAAA /* secViewController.swift */,
				46CF1B1A28F532510015338D /* Main.storyboard */,
				46CF1B1D28F532540015338D /* Assets.xcassets */,
				46CF1B1F28F532540015338D /* LaunchScreen.storyboard */,
				46CF1B2228F532540015338D /* Info.plist */,
				4655602A291E53CF00ACDB2E /* Models.swift */,
			);
			path = weatherAppIos;
			sourceTree = "<group>";
		};
		7580DB2E91AC516548BC28AB /* Pods */ = {
			isa = PBXGroup;
			children = (
				92291C2EED3CD9EDBB09FF85 /* Pods-weatherAppIos.debug.xcconfig */,
				30D16E4F723FF57838A24E3B /* Pods-weatherAppIos.release.xcconfig */,
			);
			path = Pods;
			sourceTree = "<group>";
		};
		B3AB16FD29E7BC9C5EBF7FA3 /* Frameworks */ = {
			isa = PBXGroup;
			children = (
				46CF68AA28F54C78007CAAAA /* CoreLocation.framework */,
				9125B6ED38331FC6C663B78B /* Pods_weatherAppIos.framework */,
			);
			name = Frameworks;
			sourceTree = "<group>";
		};
/* End PBXGroup section */

/* Begin PBXNativeTarget section */
		46CF1B1028F532510015338D /* weatherAppIos */ = {
			isa = PBXNativeTarget;
			buildConfigurationList = 46CF1B2528F532540015338D /* Build configuration list for PBXNativeTarget "weatherAppIos" */;
			buildPhases = (
				A190FA847D60F75303298E54 /* [CP] Check Pods Manifest.lock */,
				46CF1B0D28F532510015338D /* Sources */,
				46CF1B0E28F532510015338D /* Frameworks */,
				46CF1B0F28F532510015338D /* Resources */,
				174628AA8CC3A6832F706FF0 /* [CP] Embed Pods Frameworks */,
			);
			buildRules = (
			);
			dependencies = (
			);
			name = weatherAppIos;
			productName = weatherAppIos;
			productReference = 46CF1B1128F532510015338D /* weatherAppIos.app */;
			productType = "com.apple.product-type.application";
		};
/* End PBXNativeTarget section */

/* Begin PBXProject section */
		46CF1B0928F532510015338D /* Project object */ = {
			isa = PBXProject;
			attributes = {
				BuildIndependentTargetsInParallel = 1;
				LastSwiftUpdateCheck = 1340;
				LastUpgradeCheck = 1340;
				TargetAttributes = {
					46CF1B1028F532510015338D = {
						CreatedOnToolsVersion = 13.4.1;
					};
				};
			};
			buildConfigurationList = 46CF1B0C28F532510015338D /* Build configuration list for PBXProject "weatherAppIos" */;
			compatibilityVersion = "Xcode 13.0";
			developmentRegion = en;
			hasScannedForEncodings = 0;
			knownRegions = (
				en,
				Base,
			);
			mainGroup = 46CF1B0828F532510015338D;
			productRefGroup = 46CF1B1228F532510015338D /* Products */;
			projectDirPath = "";
			projectRoot = "";
			targets = (
				46CF1B1028F532510015338D /* weatherAppIos */,
			);
		};
/* End PBXProject section */

/* Begin PBXResourcesBuildPhase section */
		46CF1B0F28F532510015338D /* Resources */ = {
			isa = PBXResourcesBuildPhase;
			buildActionMask = 2147483647;
			files = (
				46CF1B2128F532540015338D /* LaunchScreen.storyboard in Resources */,
				46CF1B1E28F532540015338D /* Assets.xcassets in Resources */,
				46CF1B1C28F532510015338D /* Main.storyboard in Resources */,
			);
			runOnlyForDeploymentPostprocessing = 0;
		};
/* End PBXResourcesBuildPhase section */

/* Begin PBXShellScriptBuildPhase section */
		174628AA8CC3A6832F706FF0 /* [CP] Embed Pods Frameworks */ = {
			isa = PBXShellScriptBuildPhase;
			buildActionMask = 2147483647;
			files = (
			);
			inputFileListPaths = (
				"${PODS_ROOT}/Target Support Files/Pods-weatherAppIos/Pods-weatherAppIos-frameworks-${CONFIGURATION}-input-files.xcfilelist",
			);
			name = "[CP] Embed Pods Frameworks";
			outputFileListPaths = (
				"${PODS_ROOT}/Target Support Files/Pods-weatherAppIos/Pods-weatherAppIos-frameworks-${CONFIGURATION}-output-files.xcfilelist",
			);
			runOnlyForDeploymentPostprocessing = 0;
			shellPath = /bin/sh;
			shellScript = "\"${PODS_ROOT}/Target Support Files/Pods-weatherAppIos/Pods-weatherAppIos-frameworks.sh\"\n";
			showEnvVarsInLog = 0;
		};
		A190FA847D60F75303298E54 /* [CP] Check Pods Manifest.lock */ = {
			isa = PBXShellScriptBuildPhase;
			buildActionMask = 2147483647;
			files = (
			);
			inputFileListPaths = (
			);
			inputPaths = (
				"${PODS_PODFILE_DIR_PATH}/Podfile.lock",
				"${PODS_ROOT}/Manifest.lock",
			);
			name = "[CP] Check Pods Manifest.lock";
			outputFileListPaths = (
			);
			outputPaths = (
				"$(DERIVED_FILE_DIR)/Pods-weatherAppIos-checkManifestLockResult.txt",
			);
			runOnlyForDeploymentPostprocessing = 0;
			shellPath = /bin/sh;
			shellScript = "diff \"${PODS_PODFILE_DIR_PATH}/Podfile.lock\" \"${PODS_ROOT}/Manifest.lock\" > /dev/null\nif [ $? != 0 ] ; then\n    # print error to STDERR\n    echo \"error: The sandbox is not in sync with the Podfile.lock. Run 'pod install' or update your CocoaPods installation.\" >&2\n    exit 1\nfi\n# This output is used by Xcode 'outputs' to avoid re-running this script phase.\necho \"SUCCESS\" > \"${SCRIPT_OUTPUT_FILE_0}\"\n";
			showEnvVarsInLog = 0;
		};
/* End PBXShellScriptBuildPhase section */

/* Begin PBXSourcesBuildPhase section */
		46CF1B0D28F532510015338D /* Sources */ = {
			isa = PBXSourcesBuildPhase;
			buildActionMask = 2147483647;
			files = (
				46CF1B1928F532510015338D /* ViewController.swift in Sources */,
				46CF68A728F5436A007CAAAA /* firstsectionTableViewCell.swift in Sources */,
				46CF1B1528F532510015338D /* AppDelegate.swift in Sources */,
				46CF68A128F5373F007CAAAA /* secViewController.swift in Sources */,
				46CF68A928F5437E007CAAAA /* secondsectionTableViewCell.swift in Sources */,
				46CF1B1728F532510015338D /* SceneDelegate.swift in Sources */,
				4655602B291E53CF00ACDB2E /* Models.swift in Sources */,
			);
			runOnlyForDeploymentPostprocessing = 0;
		};
/* End PBXSourcesBuildPhase section */

/* Begin PBXVariantGroup section */
		46CF1B1A28F532510015338D /* Main.storyboard */ = {
			isa = PBXVariantGroup;
			children = (
				46CF1B1B28F532510015338D /* Base */,
			);
			name = Main.storyboard;
			sourceTree = "<group>";
		};
		46CF1B1F28F532540015338D /* LaunchScreen.storyboard */ = {
			isa = PBXVariantGroup;
			children = (
				46CF1B2028F532540015338D /* Base */,
			);
			name = LaunchScreen.storyboard;
			sourceTree = "<group>";
		};
/* End PBXVariantGroup section */

/* Begin XCBuildConfiguration section */
		46CF1B2328F532540015338D /* Debug */ = {
			isa = XCBuildConfiguration;
			buildSettings = {
				ALWAYS_SEARCH_USER_PATHS = NO;
				CLANG_ANALYZER_NONNULL = YES;
				CLANG_ANALYZER_NUMBER_OBJECT_CONVERSION = YES_AGGRESSIVE;
				CLANG_CXX_LANGUAGE_STANDARD = "gnu++17";
				CLANG_ENABLE_MODULES = YES;
				CLANG_ENABLE_OBJC_ARC = YES;
				CLANG_ENABLE_OBJC_WEAK = YES;
				CLANG_WARN_BLOCK_CAPTURE_AUTORELEASING = YES;
				CLANG_WARN_BOOL_CONVERSION = YES;
				CLANG_WARN_COMMA = YES;
				CLANG_WARN_CONSTANT_CONVERSION = YES;
				CLANG_WARN_DEPRECATED_OBJC_IMPLEMENTATIONS = YES;
				CLANG_WARN_DIRECT_OBJC_ISA_USAGE = YES_ERROR;
				CLANG_WARN_DOCUMENTATION_COMMENTS = YES;
				CLANG_WARN_EMPTY_BODY = YES;
				CLANG_WARN_ENUM_CONVERSION = YES;
				CLANG_WARN_INFINITE_RECURSION = YES;
				CLANG_WARN_INT_CONVERSION = YES;
				CLANG_WARN_NON_LITERAL_NULL_CONVERSION = YES;
				CLANG_WARN_OBJC_IMPLICIT_RETAIN_SELF = YES;
				CLANG_WARN_OBJC_LITERAL_CONVERSION = YES;
				CLANG_WARN_OBJC_ROOT_CLASS = YES_ERROR;
				CLANG_WARN_QUOTED_INCLUDE_IN_FRAMEWORK_HEADER = YES;
				CLANG_WARN_RANGE_LOOP_ANALYSIS = YES;
				CLANG_WARN_STRICT_PROTOTYPES = YES;
				CLANG_WARN_SUSPICIOUS_MOVE = YES;
				CLANG_WARN_UNGUARDED_AVAILABILITY = YES_AGGRESSIVE;
				CLANG_WARN_UNREACHABLE_CODE = YES;
				CLANG_WARN__DUPLICATE_METHOD_MATCH = YES;
				COPY_PHASE_STRIP = NO;
				DEBUG_INFORMATION_FORMAT = dwarf;
				ENABLE_STRICT_OBJC_MSGSEND = YES;
				ENABLE_TESTABILITY = YES;
				GCC_C_LANGUAGE_STANDARD = gnu11;
				GCC_DYNAMIC_NO_PIC = NO;
				GCC_NO_COMMON_BLOCKS = YES;
				GCC_OPTIMIZATION_LEVEL = 0;
				GCC_PREPROCESSOR_DEFINITIONS = (
					"DEBUG=1",
					"$(inherited)",
				);
				GCC_WARN_64_TO_32_BIT_CONVERSION = YES;
				GCC_WARN_ABOUT_RETURN_TYPE = YES_ERROR;
				GCC_WARN_UNDECLARED_SELECTOR = YES;
				GCC_WARN_UNINITIALIZED_AUTOS = YES_AGGRESSIVE;
				GCC_WARN_UNUSED_FUNCTION = YES;
				GCC_WARN_UNUSED_VARIABLE = YES;
				IPHONEOS_DEPLOYMENT_TARGET = 15.5;
				MTL_ENABLE_DEBUG_INFO = INCLUDE_SOURCE;
				MTL_FAST_MATH = YES;
				ONLY_ACTIVE_ARCH = YES;
				SDKROOT = iphoneos;
				SWIFT_ACTIVE_COMPILATION_CONDITIONS = DEBUG;
				SWIFT_OPTIMIZATION_LEVEL = "-Onone";
			};
			name = Debug;
		};
		46CF1B2428F532540015338D /* Release */ = {
			isa = XCBuildConfiguration;
			buildSettings = {
				ALWAYS_SEARCH_USER_PATHS = NO;
				CLANG_ANALYZER_NONNULL = YES;
				CLANG_ANALYZER_NUMBER_OBJECT_CONVERSION = YES_AGGRESSIVE;
				CLANG_CXX_LANGUAGE_STANDARD = "gnu++17";
				CLANG_ENABLE_MODULES = YES;
				CLANG_ENABLE_OBJC_ARC = YES;
				CLANG_ENABLE_OBJC_WEAK = YES;
				CLANG_WARN_BLOCK_CAPTURE_AUTORELEASING = YES;
				CLANG_WARN_BOOL_CONVERSION = YES;
				CLANG_WARN_COMMA = YES;
				CLANG_WARN_CONSTANT_CONVERSION = YES;
				CLANG_WARN_DEPRECATED_OBJC_IMPLEMENTATIONS = YES;
				CLANG_WARN_DIRECT_OBJC_ISA_USAGE = YES_ERROR;
				CLANG_WARN_DOCUMENTATION_COMMENTS = YES;
				CLANG_WARN_EMPTY_BODY = YES;
				CLANG_WARN_ENUM_CONVERSION = YES;
				CLANG_WARN_INFINITE_RECURSION = YES;
				CLANG_WARN_INT_CONVERSION = YES;
				CLANG_WARN_NON_LITERAL_NULL_CONVERSION = YES;
				CLANG_WARN_OBJC_IMPLICIT_RETAIN_SELF = YES;
				CLANG_WARN_OBJC_LITERAL_CONVERSION = YES;
				CLANG_WARN_OBJC_ROOT_CLASS = YES_ERROR;
				CLANG_WARN_QUOTED_INCLUDE_IN_FRAMEWORK_HEADER = YES;
				CLANG_WARN_RANGE_LOOP_ANALYSIS = YES;
				CLANG_WARN_STRICT_PROTOTYPES = YES;
				CLANG_WARN_SUSPICIOUS_MOVE = YES;
				CLANG_WARN_UNGUARDED_AVAILABILITY = YES_AGGRESSIVE;
				CLANG_WARN_UNREACHABLE_CODE = YES;
				CLANG_WARN__DUPLICATE_METHOD_MATCH = YES;
				COPY_PHASE_STRIP = NO;
				DEBUG_INFORMATION_FORMAT = "dwarf-with-dsym";
				ENABLE_NS_ASSERTIONS = NO;
				ENABLE_STRICT_OBJC_MSGSEND = YES;
				GCC_C_LANGUAGE_STANDARD = gnu11;
				GCC_NO_COMMON_BLOCKS = YES;
				GCC_WARN_64_TO_32_BIT_CONVERSION = YES;
				GCC_WARN_ABOUT_RETURN_TYPE = YES_ERROR;
				GCC_WARN_UNDECLARED_SELECTOR = YES;
				GCC_WARN_UNINITIALIZED_AUTOS = YES_AGGRESSIVE;
				GCC_WARN_UNUSED_FUNCTION = YES;
				GCC_WARN_UNUSED_VARIABLE = YES;
				IPHONEOS_DEPLOYMENT_TARGET = 15.5;
				MTL_ENABLE_DEBUG_INFO = NO;
				MTL_FAST_MATH = YES;
				SDKROOT = iphoneos;
				SWIFT_COMPILATION_MODE = wholemodule;
				SWIFT_OPTIMIZATION_LEVEL = "-O";
				VALIDATE_PRODUCT = YES;
			};
			name = Release;
		};
		46CF1B2628F532540015338D /* Debug */ = {
			isa = XCBuildConfiguration;
			baseConfigurationReference = 92291C2EED3CD9EDBB09FF85 /* Pods-weatherAppIos.debug.xcconfig */;
			buildSettings = {
				ASSETCATALOG_COMPILER_APPICON_NAME = AppIcon;
				ASSETCATALOG_COMPILER_GLOBAL_ACCENT_COLOR_NAME = AccentColor;
				CODE_SIGN_STYLE = Automatic;
				CURRENT_PROJECT_VERSION = 1;
				GENERATE_INFOPLIST_FILE = YES;
				INFOPLIST_FILE = weatherAppIos/Info.plist;
				INFOPLIST_KEY_UIApplicationSupportsIndirectInputEvents = YES;
				INFOPLIST_KEY_UILaunchStoryboardName = LaunchScreen;
				INFOPLIST_KEY_UIMainStoryboardFile = Main;
				INFOPLIST_KEY_UISupportedInterfaceOrientations_iPad = "UIInterfaceOrientationPortrait UIInterfaceOrientationPortraitUpsideDown UIInterfaceOrientationLandscapeLeft UIInterfaceOrientationLandscapeRight";
				INFOPLIST_KEY_UISupportedInterfaceOrientations_iPhone = "UIInterfaceOrientationPortrait UIInterfaceOrientationLandscapeLeft UIInterfaceOrientationLandscapeRight";
				LD_RUNPATH_SEARCH_PATHS = (
					"$(inherited)",
					"@executable_path/Frameworks",
				);
				MARKETING_VERSION = 1.0;
				PRODUCT_BUNDLE_IDENTIFIER = in.codinghands.weatherAppIos;
				PRODUCT_NAME = "$(TARGET_NAME)";
				SWIFT_EMIT_LOC_STRINGS = YES;
				SWIFT_VERSION = 5.0;
				TARGETED_DEVICE_FAMILY = "1,2";
			};
			name = Debug;
		};
		46CF1B2728F532540015338D /* Release */ = {
			isa = XCBuildConfiguration;
			baseConfigurationReference = 30D16E4F723FF57838A24E3B /* Pods-weatherAppIos.release.xcconfig */;
			buildSettings = {
				ASSETCATALOG_COMPILER_APPICON_NAME = AppIcon;
				ASSETCATALOG_COMPILER_GLOBAL_ACCENT_COLOR_NAME = AccentColor;
				CODE_SIGN_STYLE = Automatic;
				CURRENT_PROJECT_VERSION = 1;
				GENERATE_INFOPLIST_FILE = YES;
				INFOPLIST_FILE = weatherAppIos/Info.plist;
				INFOPLIST_KEY_UIApplicationSupportsIndirectInputEvents = YES;
				INFOPLIST_KEY_UILaunchStoryboardName = LaunchScreen;
				INFOPLIST_KEY_UIMainStoryboardFile = Main;
				INFOPLIST_KEY_UISupportedInterfaceOrientations_iPad = "UIInterfaceOrientationPortrait UIInterfaceOrientationPortraitUpsideDown UIInterfaceOrientationLandscapeLeft UIInterfaceOrientationLandscapeRight";
				INFOPLIST_KEY_UISupportedInterfaceOrientations_iPhone = "UIInterfaceOrientationPortrait UIInterfaceOrientationLandscapeLeft UIInterfaceOrientationLandscapeRight";
				LD_RUNPATH_SEARCH_PATHS = (
					"$(inherited)",
					"@executable_path/Frameworks",
				);
				MARKETING_VERSION = 1.0;
				PRODUCT_BUNDLE_IDENTIFIER = in.codinghands.weatherAppIos;
				PRODUCT_NAME = "$(TARGET_NAME)";
				SWIFT_EMIT_LOC_STRINGS = YES;
				SWIFT_VERSION = 5.0;
				TARGETED_DEVICE_FAMILY = "1,2";
			};
			name = Release;
		};
/* End XCBuildConfiguration section */

/* Begin XCConfigurationList section */
		46CF1B0C28F532510015338D /* Build configuration list for PBXProject "weatherAppIos" */ = {
			isa = XCConfigurationList;
			buildConfigurations = (
				46CF1B2328F532540015338D /* Debug */,
				46CF1B2428F532540015338D /* Release */,
			);
			defaultConfigurationIsVisible = 0;
			defaultConfigurationName = Release;
		};
		46CF1B2528F532540015338D /* Build configuration list for PBXNativeTarget "weatherAppIos" */ = {
			isa = XCConfigurationList;
			buildConfigurations = (
				46CF1B2628F532540015338D /* Debug */,
				46CF1B2728F532540015338D /* Release */,
			);
			defaultConfigurationIsVisible = 0;
			defaultConfigurationName = Release;
		};
/* End XCConfigurationList section */
	};
	rootObject = 46CF1B0928F532510015338D /* Project object */;
}
